// !$*UTF8*$!
{
	archiveVersion = 1;
	classes = {
	};
	objectVersion = 50;
	objects = {

/* Begin PBXBuildFile section */
		E6397ED425763C9E00248B8D /* AppDelegate.swift in Sources */ = {isa = PBXBuildFile; fileRef = E6397ED325763C9E00248B8D /* AppDelegate.swift */; };
		E6397ED625763C9E00248B8D /* SceneDelegate.swift in Sources */ = {isa = PBXBuildFile; fileRef = E6397ED525763C9E00248B8D /* SceneDelegate.swift */; };
		E6397ED825763C9E00248B8D /* HomeViewController.swift in Sources */ = {isa = PBXBuildFile; fileRef = E6397ED725763C9E00248B8D /* HomeViewController.swift */; };
		E6397EDD25763C9F00248B8D /* Assets.xcassets in Resources */ = {isa = PBXBuildFile; fileRef = E6397EDC25763C9F00248B8D /* Assets.xcassets */; };
		E6397EE025763C9F00248B8D /* LaunchScreen.storyboard in Resources */ = {isa = PBXBuildFile; fileRef = E6397EDE25763C9F00248B8D /* LaunchScreen.storyboard */; };
		E6397EEB25763C9F00248B8D /* ViSERTests.swift in Sources */ = {isa = PBXBuildFile; fileRef = E6397EEA25763C9F00248B8D /* ViSERTests.swift */; };
		E6397EF625763C9F00248B8D /* ViSERUITests.swift in Sources */ = {isa = PBXBuildFile; fileRef = E6397EF525763C9F00248B8D /* ViSERUITests.swift */; };
		E6397F0B2576565D00248B8D /* RxRelay.framework in Frameworks */ = {isa = PBXBuildFile; fileRef = E6397F0A2576565D00248B8D /* RxRelay.framework */; };
		E6397F142576566500248B8D /* RxCocoa.framework in Frameworks */ = {isa = PBXBuildFile; fileRef = E6397F132576566500248B8D /* RxCocoa.framework */; };
		E6397F192576566C00248B8D /* RxSwift.framework in Frameworks */ = {isa = PBXBuildFile; fileRef = E6397F182576566C00248B8D /* RxSwift.framework */; };
		E6397F3E257745D500248B8D /* Home.storyboard in Resources */ = {isa = PBXBuildFile; fileRef = E6397F3D257745D500248B8D /* Home.storyboard */; };
		E6397F44257747A400248B8D /* HomeViewStream.swift in Sources */ = {isa = PBXBuildFile; fileRef = E6397F43257747A400248B8D /* HomeViewStream.swift */; };
		E6397F4A257747C900248B8D /* HomeRouter.swift in Sources */ = {isa = PBXBuildFile; fileRef = E6397F49257747C900248B8D /* HomeRouter.swift */; };
		E6397F84257757C400248B8D /* AppNavigationController.swift in Sources */ = {isa = PBXBuildFile; fileRef = E6397F83257757C400248B8D /* AppNavigationController.swift */; };
		E6397F8E25775FA000248B8D /* BaseRouter.swift in Sources */ = {isa = PBXBuildFile; fileRef = E6397F8D25775FA000248B8D /* BaseRouter.swift */; };
		E6397F952577627700248B8D /* UIStoryboard+Ex.swift in Sources */ = {isa = PBXBuildFile; fileRef = E6397F942577627700248B8D /* UIStoryboard+Ex.swift */; };
		E6397F9B2577648000248B8D /* UIViewController+Ex.swift in Sources */ = {isa = PBXBuildFile; fileRef = E6397F9A2577648000248B8D /* UIViewController+Ex.swift */; };
		E6397FA02577649900248B8D /* UINavigationController+Ex.swift in Sources */ = {isa = PBXBuildFile; fileRef = E6397F9F2577649900248B8D /* UINavigationController+Ex.swift */; };
		E6397FDC257784E500248B8D /* ViewInterface.swift in Sources */ = {isa = PBXBuildFile; fileRef = E6397FDB257784E500248B8D /* ViewInterface.swift */; };
		E6397FE02577850100248B8D /* HomeInterfaces.swift in Sources */ = {isa = PBXBuildFile; fileRef = E6397FDF2577850100248B8D /* HomeInterfaces.swift */; };
		E6397FE525778C9700248B8D /* Unio.framework in Frameworks */ = {isa = PBXBuildFile; fileRef = E6397FA725777A6800248B8D /* Unio.framework */; };
		E6397FF52577AAE800248B8D /* RxDataSources.framework in Frameworks */ = {isa = PBXBuildFile; fileRef = E6397FF42577AAE800248B8D /* RxDataSources.framework */; };
		E6397FFE25787DD000248B8D /* Article.swift in Sources */ = {isa = PBXBuildFile; fileRef = E6397FFD25787DD000248B8D /* Article.swift */; };
		E63980072578970B00248B8D /* Differentiator.framework in Frameworks */ = {isa = PBXBuildFile; fileRef = E63980062578970B00248B8D /* Differentiator.framework */; };
		E639800F2578B3C600248B8D /* ArticleTableViewCell.swift in Sources */ = {isa = PBXBuildFile; fileRef = E639800E2578B3C600248B8D /* ArticleTableViewCell.swift */; };
		E63980152578B3D500248B8D /* ArticleTableViewCell.xib in Resources */ = {isa = PBXBuildFile; fileRef = E63980142578B3D500248B8D /* ArticleTableViewCell.xib */; };
		E63980262578CCE400248B8D /* ArticleRepository.swift in Sources */ = {isa = PBXBuildFile; fileRef = E63980252578CCE400248B8D /* ArticleRepository.swift */; };
		E639802C2578D75D00248B8D /* Alamofire.framework in Frameworks */ = {isa = PBXBuildFile; fileRef = E639802B2578D75D00248B8D /* Alamofire.framework */; };
		E63980332578D9F200248B8D /* Kanna.framework in Frameworks */ = {isa = PBXBuildFile; fileRef = E63980322578D9F200248B8D /* Kanna.framework */; };
		E639803A2579193700248B8D /* Alamofire+Ex.swift in Sources */ = {isa = PBXBuildFile; fileRef = E63980392579193700248B8D /* Alamofire+Ex.swift */; };
		E63980462579F9D600248B8D /* DateFormatter+Ex.swift in Sources */ = {isa = PBXBuildFile; fileRef = E63980452579F9D600248B8D /* DateFormatter+Ex.swift */; };
		E639804A257A010D00248B8D /* Date+Ex.swift in Sources */ = {isa = PBXBuildFile; fileRef = E6398049257A010D00248B8D /* Date+Ex.swift */; };
/* End PBXBuildFile section */

/* Begin PBXContainerItemProxy section */
		E6397EE725763C9F00248B8D /* PBXContainerItemProxy */ = {
			isa = PBXContainerItemProxy;
			containerPortal = E6397EC825763C9E00248B8D /* Project object */;
			proxyType = 1;
			remoteGlobalIDString = E6397ECF25763C9E00248B8D;
			remoteInfo = ViSER;
		};
		E6397EF225763C9F00248B8D /* PBXContainerItemProxy */ = {
			isa = PBXContainerItemProxy;
			containerPortal = E6397EC825763C9E00248B8D /* Project object */;
			proxyType = 1;
			remoteGlobalIDString = E6397ECF25763C9E00248B8D;
			remoteInfo = ViSER;
		};
/* End PBXContainerItemProxy section */

/* Begin PBXCopyFilesBuildPhase section */
		E6397F0D2576565D00248B8D /* Embed Frameworks */ = {
			isa = PBXCopyFilesBuildPhase;
			buildActionMask = 2147483647;
			dstPath = "";
			dstSubfolderSpec = 10;
			files = (
			);
			name = "Embed Frameworks";
			runOnlyForDeploymentPostprocessing = 0;
		};
/* End PBXCopyFilesBuildPhase section */

/* Begin PBXFileReference section */
		E6397ED025763C9E00248B8D /* ViSER-Example.app */ = {isa = PBXFileReference; explicitFileType = wrapper.application; includeInIndex = 0; path = "ViSER-Example.app"; sourceTree = BUILT_PRODUCTS_DIR; };
		E6397ED325763C9E00248B8D /* AppDelegate.swift */ = {isa = PBXFileReference; lastKnownFileType = sourcecode.swift; path = AppDelegate.swift; sourceTree = "<group>"; };
		E6397ED525763C9E00248B8D /* SceneDelegate.swift */ = {isa = PBXFileReference; lastKnownFileType = sourcecode.swift; path = SceneDelegate.swift; sourceTree = "<group>"; };
		E6397ED725763C9E00248B8D /* HomeViewController.swift */ = {isa = PBXFileReference; lastKnownFileType = sourcecode.swift; path = HomeViewController.swift; sourceTree = "<group>"; };
		E6397EDC25763C9F00248B8D /* Assets.xcassets */ = {isa = PBXFileReference; lastKnownFileType = folder.assetcatalog; path = Assets.xcassets; sourceTree = "<group>"; };
		E6397EDF25763C9F00248B8D /* Base */ = {isa = PBXFileReference; lastKnownFileType = file.storyboard; name = Base; path = Base.lproj/LaunchScreen.storyboard; sourceTree = "<group>"; };
		E6397EE125763C9F00248B8D /* Info.plist */ = {isa = PBXFileReference; lastKnownFileType = text.plist.xml; path = Info.plist; sourceTree = "<group>"; };
		E6397EE625763C9F00248B8D /* ViSER-Example-Tests.xctest */ = {isa = PBXFileReference; explicitFileType = wrapper.cfbundle; includeInIndex = 0; path = "ViSER-Example-Tests.xctest"; sourceTree = BUILT_PRODUCTS_DIR; };
		E6397EEA25763C9F00248B8D /* ViSERTests.swift */ = {isa = PBXFileReference; lastKnownFileType = sourcecode.swift; path = ViSERTests.swift; sourceTree = "<group>"; };
		E6397EEC25763C9F00248B8D /* Info.plist */ = {isa = PBXFileReference; lastKnownFileType = text.plist.xml; path = Info.plist; sourceTree = "<group>"; };
		E6397EF125763C9F00248B8D /* ViSER-Example-UITests.xctest */ = {isa = PBXFileReference; explicitFileType = wrapper.cfbundle; includeInIndex = 0; path = "ViSER-Example-UITests.xctest"; sourceTree = BUILT_PRODUCTS_DIR; };
		E6397EF525763C9F00248B8D /* ViSERUITests.swift */ = {isa = PBXFileReference; lastKnownFileType = sourcecode.swift; path = ViSERUITests.swift; sourceTree = "<group>"; };
		E6397EF725763C9F00248B8D /* Info.plist */ = {isa = PBXFileReference; lastKnownFileType = text.plist.xml; path = Info.plist; sourceTree = "<group>"; };
		E6397F0A2576565D00248B8D /* RxRelay.framework */ = {isa = PBXFileReference; lastKnownFileType = wrapper.framework; name = RxRelay.framework; path = Carthage/Build/iOS/RxRelay.framework; sourceTree = "<group>"; };
		E6397F102576566300248B8D /* RxBlocking.framework */ = {isa = PBXFileReference; lastKnownFileType = wrapper.framework; name = RxBlocking.framework; path = Carthage/Build/iOS/RxBlocking.framework; sourceTree = "<group>"; };
		E6397F132576566500248B8D /* RxCocoa.framework */ = {isa = PBXFileReference; lastKnownFileType = wrapper.framework; name = RxCocoa.framework; path = Carthage/Build/iOS/RxCocoa.framework; sourceTree = "<group>"; };
		E6397F182576566C00248B8D /* RxSwift.framework */ = {isa = PBXFileReference; lastKnownFileType = wrapper.framework; name = RxSwift.framework; path = Carthage/Build/iOS/RxSwift.framework; sourceTree = "<group>"; };
		E6397F1D2576568500248B8D /* RxTest.framework */ = {isa = PBXFileReference; lastKnownFileType = wrapper.framework; name = RxTest.framework; path = Carthage/Build/iOS/RxTest.framework; sourceTree = "<group>"; };
		E6397F202576568700248B8D /* Swinject.framework */ = {isa = PBXFileReference; lastKnownFileType = wrapper.framework; name = Swinject.framework; path = Carthage/Build/iOS/Swinject.framework; sourceTree = "<group>"; };
		E6397F3D257745D500248B8D /* Home.storyboard */ = {isa = PBXFileReference; lastKnownFileType = file.storyboard; path = Home.storyboard; sourceTree = "<group>"; };
		E6397F43257747A400248B8D /* HomeViewStream.swift */ = {isa = PBXFileReference; lastKnownFileType = sourcecode.swift; path = HomeViewStream.swift; sourceTree = "<group>"; };
		E6397F49257747C900248B8D /* HomeRouter.swift */ = {isa = PBXFileReference; lastKnownFileType = sourcecode.swift; path = HomeRouter.swift; sourceTree = "<group>"; };
		E6397F83257757C400248B8D /* AppNavigationController.swift */ = {isa = PBXFileReference; lastKnownFileType = sourcecode.swift; path = AppNavigationController.swift; sourceTree = "<group>"; };
		E6397F8D25775FA000248B8D /* BaseRouter.swift */ = {isa = PBXFileReference; lastKnownFileType = sourcecode.swift; path = BaseRouter.swift; sourceTree = "<group>"; };
		E6397F942577627700248B8D /* UIStoryboard+Ex.swift */ = {isa = PBXFileReference; lastKnownFileType = sourcecode.swift; path = "UIStoryboard+Ex.swift"; sourceTree = "<group>"; };
		E6397F9A2577648000248B8D /* UIViewController+Ex.swift */ = {isa = PBXFileReference; lastKnownFileType = sourcecode.swift; path = "UIViewController+Ex.swift"; sourceTree = "<group>"; };
		E6397F9F2577649900248B8D /* UINavigationController+Ex.swift */ = {isa = PBXFileReference; lastKnownFileType = sourcecode.swift; path = "UINavigationController+Ex.swift"; sourceTree = "<group>"; };
		E6397FA725777A6800248B8D /* Unio.framework */ = {isa = PBXFileReference; lastKnownFileType = wrapper.framework; name = Unio.framework; path = Carthage/Build/iOS/Unio.framework; sourceTree = "<group>"; };
		E6397FDB257784E500248B8D /* ViewInterface.swift */ = {isa = PBXFileReference; lastKnownFileType = sourcecode.swift; path = ViewInterface.swift; sourceTree = "<group>"; };
		E6397FDF2577850100248B8D /* HomeInterfaces.swift */ = {isa = PBXFileReference; lastKnownFileType = sourcecode.swift; path = HomeInterfaces.swift; sourceTree = "<group>"; };
		E6397FF42577AAE800248B8D /* RxDataSources.framework */ = {isa = PBXFileReference; lastKnownFileType = wrapper.framework; name = RxDataSources.framework; path = Carthage/Build/iOS/RxDataSources.framework; sourceTree = "<group>"; };
		E6397FFD25787DD000248B8D /* Article.swift */ = {isa = PBXFileReference; lastKnownFileType = sourcecode.swift; path = Article.swift; sourceTree = "<group>"; };
		E63980062578970B00248B8D /* Differentiator.framework */ = {isa = PBXFileReference; lastKnownFileType = wrapper.framework; name = Differentiator.framework; path = Carthage/Build/iOS/Differentiator.framework; sourceTree = "<group>"; };
		E639800E2578B3C600248B8D /* ArticleTableViewCell.swift */ = {isa = PBXFileReference; lastKnownFileType = sourcecode.swift; path = ArticleTableViewCell.swift; sourceTree = "<group>"; };
		E63980142578B3D500248B8D /* ArticleTableViewCell.xib */ = {isa = PBXFileReference; lastKnownFileType = file.xib; path = ArticleTableViewCell.xib; sourceTree = "<group>"; };
		E63980252578CCE400248B8D /* ArticleRepository.swift */ = {isa = PBXFileReference; lastKnownFileType = sourcecode.swift; path = ArticleRepository.swift; sourceTree = "<group>"; };
		E639802B2578D75D00248B8D /* Alamofire.framework */ = {isa = PBXFileReference; lastKnownFileType = wrapper.framework; name = Alamofire.framework; path = Carthage/Build/iOS/Alamofire.framework; sourceTree = "<group>"; };
		E63980322578D9F200248B8D /* Kanna.framework */ = {isa = PBXFileReference; lastKnownFileType = wrapper.framework; name = Kanna.framework; path = Carthage/Build/iOS/Kanna.framework; sourceTree = "<group>"; };
		E63980392579193700248B8D /* Alamofire+Ex.swift */ = {isa = PBXFileReference; lastKnownFileType = sourcecode.swift; path = "Alamofire+Ex.swift"; sourceTree = "<group>"; };
		E63980452579F9D600248B8D /* DateFormatter+Ex.swift */ = {isa = PBXFileReference; lastKnownFileType = sourcecode.swift; path = "DateFormatter+Ex.swift"; sourceTree = "<group>"; };
		E6398049257A010D00248B8D /* Date+Ex.swift */ = {isa = PBXFileReference; lastKnownFileType = sourcecode.swift; path = "Date+Ex.swift"; sourceTree = "<group>"; };
/* End PBXFileReference section */

/* Begin PBXFrameworksBuildPhase section */
		E6397ECD25763C9E00248B8D /* Frameworks */ = {
			isa = PBXFrameworksBuildPhase;
			buildActionMask = 2147483647;
			files = (
				E63980072578970B00248B8D /* Differentiator.framework in Frameworks */,
				E6397F192576566C00248B8D /* RxSwift.framework in Frameworks */,
				E6397FE525778C9700248B8D /* Unio.framework in Frameworks */,
				E6397FF52577AAE800248B8D /* RxDataSources.framework in Frameworks */,
				E63980332578D9F200248B8D /* Kanna.framework in Frameworks */,
				E639802C2578D75D00248B8D /* Alamofire.framework in Frameworks */,
				E6397F142576566500248B8D /* RxCocoa.framework in Frameworks */,
				E6397F0B2576565D00248B8D /* RxRelay.framework in Frameworks */,
			);
			runOnlyForDeploymentPostprocessing = 0;
		};
		E6397EE325763C9F00248B8D /* Frameworks */ = {
			isa = PBXFrameworksBuildPhase;
			buildActionMask = 2147483647;
			files = (
			);
			runOnlyForDeploymentPostprocessing = 0;
		};
		E6397EEE25763C9F00248B8D /* Frameworks */ = {
			isa = PBXFrameworksBuildPhase;
			buildActionMask = 2147483647;
			files = (
			);
			runOnlyForDeploymentPostprocessing = 0;
		};
/* End PBXFrameworksBuildPhase section */

/* Begin PBXGroup section */
		E6397EC725763C9E00248B8D = {
			isa = PBXGroup;
			children = (
				E6397ED225763C9E00248B8D /* ViSER-Example */,
				E6397EE925763C9F00248B8D /* ViSER-Example-Tests */,
				E6397EF425763C9F00248B8D /* ViSER-Example-UITests */,
				E6397ED125763C9E00248B8D /* Products */,
				E6397F092576565D00248B8D /* Frameworks */,
			);
			sourceTree = "<group>";
		};
		E6397ED125763C9E00248B8D /* Products */ = {
			isa = PBXGroup;
			children = (
				E6397ED025763C9E00248B8D /* ViSER-Example.app */,
				E6397EE625763C9F00248B8D /* ViSER-Example-Tests.xctest */,
				E6397EF125763C9F00248B8D /* ViSER-Example-UITests.xctest */,
			);
			name = Products;
			sourceTree = "<group>";
		};
		E6397ED225763C9E00248B8D /* ViSER-Example */ = {
			isa = PBXGroup;
			children = (
				E6397F3925772FD200248B8D /* Application */,
				E6397F8B25775F8D00248B8D /* Common */,
				E6397F3425772B0A00248B8D /* Modules */,
				E6397FFB25787DA200248B8D /* Infrastructure */,
				E6397F3625772DC400248B8D /* Resources */,
				E6397F3525772D8900248B8D /* SupportingFiles */,
			);
			path = "ViSER-Example";
			sourceTree = "<group>";
		};
		E6397EE925763C9F00248B8D /* ViSER-Example-Tests */ = {
			isa = PBXGroup;
			children = (
				E6397EEA25763C9F00248B8D /* ViSERTests.swift */,
				E6397EEC25763C9F00248B8D /* Info.plist */,
			);
			path = "ViSER-Example-Tests";
			sourceTree = "<group>";
		};
		E6397EF425763C9F00248B8D /* ViSER-Example-UITests */ = {
			isa = PBXGroup;
			children = (
				E6397EF525763C9F00248B8D /* ViSERUITests.swift */,
				E6397EF725763C9F00248B8D /* Info.plist */,
			);
			path = "ViSER-Example-UITests";
			sourceTree = "<group>";
		};
		E6397F092576565D00248B8D /* Frameworks */ = {
			isa = PBXGroup;
			children = (
				E63980322578D9F200248B8D /* Kanna.framework */,
				E639802B2578D75D00248B8D /* Alamofire.framework */,
				E63980062578970B00248B8D /* Differentiator.framework */,
				E6397FF42577AAE800248B8D /* RxDataSources.framework */,
				E6397FA725777A6800248B8D /* Unio.framework */,
				E6397F202576568700248B8D /* Swinject.framework */,
				E6397F1D2576568500248B8D /* RxTest.framework */,
				E6397F182576566C00248B8D /* RxSwift.framework */,
				E6397F132576566500248B8D /* RxCocoa.framework */,
				E6397F102576566300248B8D /* RxBlocking.framework */,
				E6397F0A2576565D00248B8D /* RxRelay.framework */,
			);
			name = Frameworks;
			sourceTree = "<group>";
		};
		E6397F3425772B0A00248B8D /* Modules */ = {
			isa = PBXGroup;
			children = (
				E6397F3C25773F6800248B8D /* Home */,
			);
			path = Modules;
			sourceTree = "<group>";
		};
		E6397F3525772D8900248B8D /* SupportingFiles */ = {
			isa = PBXGroup;
			children = (
				E6397EDE25763C9F00248B8D /* LaunchScreen.storyboard */,
				E6397EE125763C9F00248B8D /* Info.plist */,
			);
			path = SupportingFiles;
			sourceTree = "<group>";
		};
		E6397F3625772DC400248B8D /* Resources */ = {
			isa = PBXGroup;
			children = (
				E6397EDC25763C9F00248B8D /* Assets.xcassets */,
			);
			path = Resources;
			sourceTree = "<group>";
		};
		E6397F3925772FD200248B8D /* Application */ = {
			isa = PBXGroup;
			children = (
				E6397ED325763C9E00248B8D /* AppDelegate.swift */,
				E6397ED525763C9E00248B8D /* SceneDelegate.swift */,
				E6397F83257757C400248B8D /* AppNavigationController.swift */,
			);
			path = Application;
			sourceTree = "<group>";
		};
		E6397F3C25773F6800248B8D /* Home */ = {
			isa = PBXGroup;
			children = (
				E63980032578885C00248B8D /* Views */,
				E6397F4D257747D200248B8D /* Logics */,
				E6397F3D257745D500248B8D /* Home.storyboard */,
				E6397FDF2577850100248B8D /* HomeInterfaces.swift */,
				E6397ED725763C9E00248B8D /* HomeViewController.swift */,
				E6397F43257747A400248B8D /* HomeViewStream.swift */,
				E6397F49257747C900248B8D /* HomeRouter.swift */,
			);
			path = Home;
			sourceTree = "<group>";
		};
		E6397F4D257747D200248B8D /* Logics */ = {
			isa = PBXGroup;
			children = (
			);
			path = Logics;
			sourceTree = "<group>";
		};
		E6397F8B25775F8D00248B8D /* Common */ = {
			isa = PBXGroup;
			children = (
				E6397F932577626B00248B8D /* Extensions */,
				E6397F8C25775F9500248B8D /* ViSER */,
			);
			path = Common;
			sourceTree = "<group>";
		};
		E6397F8C25775F9500248B8D /* ViSER */ = {
			isa = PBXGroup;
			children = (
				E6397F8D25775FA000248B8D /* BaseRouter.swift */,
				E6397FDB257784E500248B8D /* ViewInterface.swift */,
			);
			path = ViSER;
			sourceTree = "<group>";
		};
		E6397F932577626B00248B8D /* Extensions */ = {
			isa = PBXGroup;
			children = (
				E63980392579193700248B8D /* Alamofire+Ex.swift */,
				E6397F942577627700248B8D /* UIStoryboard+Ex.swift */,
				E6397F9A2577648000248B8D /* UIViewController+Ex.swift */,
				E6397F9F2577649900248B8D /* UINavigationController+Ex.swift */,
				E63980452579F9D600248B8D /* DateFormatter+Ex.swift */,
				E6398049257A010D00248B8D /* Date+Ex.swift */,
			);
			path = Extensions;
			sourceTree = "<group>";
		};
		E6397FFB25787DA200248B8D /* Infrastructure */ = {
			isa = PBXGroup;
			children = (
				E6397FFC25787DBF00248B8D /* Entities */,
				E63980242578CCB100248B8D /* Repositories */,
			);
			path = Infrastructure;
			sourceTree = "<group>";
		};
		E6397FFC25787DBF00248B8D /* Entities */ = {
			isa = PBXGroup;
			children = (
				E6397FFD25787DD000248B8D /* Article.swift */,
			);
			path = Entities;
			sourceTree = "<group>";
		};
		E63980032578885C00248B8D /* Views */ = {
			isa = PBXGroup;
			children = (
				E639800D2578B3B000248B8D /* Cells */,
			);
			path = Views;
			sourceTree = "<group>";
		};
		E639800D2578B3B000248B8D /* Cells */ = {
			isa = PBXGroup;
			children = (
				E639800E2578B3C600248B8D /* ArticleTableViewCell.swift */,
				E63980142578B3D500248B8D /* ArticleTableViewCell.xib */,
			);
			path = Cells;
			sourceTree = "<group>";
		};
		E63980242578CCB100248B8D /* Repositories */ = {
			isa = PBXGroup;
			children = (
				E63980252578CCE400248B8D /* ArticleRepository.swift */,
			);
			path = Repositories;
			sourceTree = "<group>";
		};
/* End PBXGroup section */

/* Begin PBXNativeTarget section */
		E6397ECF25763C9E00248B8D /* ViSER-Example */ = {
			isa = PBXNativeTarget;
			buildConfigurationList = E6397EFA25763C9F00248B8D /* Build configuration list for PBXNativeTarget "ViSER-Example" */;
			buildPhases = (
				E6397ECC25763C9E00248B8D /* Sources */,
				E6397ECD25763C9E00248B8D /* Frameworks */,
				E6397ECE25763C9E00248B8D /* Resources */,
				E6397F0D2576565D00248B8D /* Embed Frameworks */,
				E6397F252576580D00248B8D /* ShellScript */,
			);
			buildRules = (
			);
			dependencies = (
			);
			name = "ViSER-Example";
			productName = ViSER;
			productReference = E6397ED025763C9E00248B8D /* ViSER-Example.app */;
			productType = "com.apple.product-type.application";
		};
		E6397EE525763C9F00248B8D /* ViSER-Example-Tests */ = {
			isa = PBXNativeTarget;
			buildConfigurationList = E6397EFD25763C9F00248B8D /* Build configuration list for PBXNativeTarget "ViSER-Example-Tests" */;
			buildPhases = (
				E6397EE225763C9F00248B8D /* Sources */,
				E6397EE325763C9F00248B8D /* Frameworks */,
				E6397EE425763C9F00248B8D /* Resources */,
			);
			buildRules = (
			);
			dependencies = (
				E6397EE825763C9F00248B8D /* PBXTargetDependency */,
			);
			name = "ViSER-Example-Tests";
			productName = ViSERTests;
			productReference = E6397EE625763C9F00248B8D /* ViSER-Example-Tests.xctest */;
			productType = "com.apple.product-type.bundle.unit-test";
		};
		E6397EF025763C9F00248B8D /* ViSER-Example-UITests */ = {
			isa = PBXNativeTarget;
			buildConfigurationList = E6397F0025763C9F00248B8D /* Build configuration list for PBXNativeTarget "ViSER-Example-UITests" */;
			buildPhases = (
				E6397EED25763C9F00248B8D /* Sources */,
				E6397EEE25763C9F00248B8D /* Frameworks */,
				E6397EEF25763C9F00248B8D /* Resources */,
			);
			buildRules = (
			);
			dependencies = (
				E6397EF325763C9F00248B8D /* PBXTargetDependency */,
			);
			name = "ViSER-Example-UITests";
			productName = ViSERUITests;
			productReference = E6397EF125763C9F00248B8D /* ViSER-Example-UITests.xctest */;
			productType = "com.apple.product-type.bundle.ui-testing";
		};
/* End PBXNativeTarget section */

/* Begin PBXProject section */
		E6397EC825763C9E00248B8D /* Project object */ = {
			isa = PBXProject;
			attributes = {
				LastSwiftUpdateCheck = 1220;
				LastUpgradeCheck = 1220;
				TargetAttributes = {
					E6397ECF25763C9E00248B8D = {
						CreatedOnToolsVersion = 12.2;
					};
					E6397EE525763C9F00248B8D = {
						CreatedOnToolsVersion = 12.2;
						TestTargetID = E6397ECF25763C9E00248B8D;
					};
					E6397EF025763C9F00248B8D = {
						CreatedOnToolsVersion = 12.2;
						TestTargetID = E6397ECF25763C9E00248B8D;
					};
				};
			};
			buildConfigurationList = E6397ECB25763C9E00248B8D /* Build configuration list for PBXProject "ViSER-Example" */;
			compatibilityVersion = "Xcode 9.3";
			developmentRegion = en;
			hasScannedForEncodings = 0;
			knownRegions = (
				en,
				Base,
			);
			mainGroup = E6397EC725763C9E00248B8D;
			productRefGroup = E6397ED125763C9E00248B8D /* Products */;
			projectDirPath = "";
			projectRoot = "";
			targets = (
				E6397ECF25763C9E00248B8D /* ViSER-Example */,
				E6397EE525763C9F00248B8D /* ViSER-Example-Tests */,
				E6397EF025763C9F00248B8D /* ViSER-Example-UITests */,
			);
		};
/* End PBXProject section */

/* Begin PBXResourcesBuildPhase section */
		E6397ECE25763C9E00248B8D /* Resources */ = {
			isa = PBXResourcesBuildPhase;
			buildActionMask = 2147483647;
			files = (
				E63980152578B3D500248B8D /* ArticleTableViewCell.xib in Resources */,
				E6397EE025763C9F00248B8D /* LaunchScreen.storyboard in Resources */,
				E6397EDD25763C9F00248B8D /* Assets.xcassets in Resources */,
				E6397F3E257745D500248B8D /* Home.storyboard in Resources */,
			);
			runOnlyForDeploymentPostprocessing = 0;
		};
		E6397EE425763C9F00248B8D /* Resources */ = {
			isa = PBXResourcesBuildPhase;
			buildActionMask = 2147483647;
			files = (
			);
			runOnlyForDeploymentPostprocessing = 0;
		};
		E6397EEF25763C9F00248B8D /* Resources */ = {
			isa = PBXResourcesBuildPhase;
			buildActionMask = 2147483647;
			files = (
			);
			runOnlyForDeploymentPostprocessing = 0;
		};
/* End PBXResourcesBuildPhase section */

/* Begin PBXShellScriptBuildPhase section */
		E6397F252576580D00248B8D /* ShellScript */ = {
			isa = PBXShellScriptBuildPhase;
			buildActionMask = 2147483647;
			files = (
			);
			inputFileListPaths = (
			);
			inputPaths = (
				"$(SRCROOT)/Carthage/Build/iOS/RxCocoa.framework",
				"$(SRCROOT)/Carthage/Build/iOS/RxRelay.framework",
				"$(SRCROOT)/Carthage/Build/iOS/RxSwift.framework",
				"$(SRCROOT)/Carthage/Build/iOS/Unio.framework",
				"$(SRCROOT)/Carthage/Build/iOS/RxDataSources.framework",
				"$(SRCROOT)/Carthage/Build/iOS/Differentiator.framework",
				"$(SRCROOT)/Carthage/Build/iOS/Alamofire.framework",
				"$(SRCROOT)/Carthage/Build/iOS/Kanna.framework",
			);
			outputFileListPaths = (
			);
			outputPaths = (
				"$(BUILT_PRODUCTS_DIR)/$(FRAMEWORKS_FOLDER_PATH)/RxCocoa.framework",
				"$(BUILT_PRODUCTS_DIR)/$(FRAMEWORKS_FOLDER_PATH)/RxRelay.framework",
				"$(BUILT_PRODUCTS_DIR)/$(FRAMEWORKS_FOLDER_PATH)/RxSwift.framework",
				"$(BUILT_PRODUCTS_DIR)/$(FRAMEWORKS_FOLDER_PATH)/Unio.framework",
				"$(BUILT_PRODUCTS_DIR)/$(FRAMEWORKS_FOLDER_PATH)/RxDataSources.framework",
				"$(BUILT_PRODUCTS_DIR)/$(FRAMEWORKS_FOLDER_PATH)/Differentiator.framework",
				"$(BUILT_PRODUCTS_DIR)/$(FRAMEWORKS_FOLDER_PATH)/Alamofire.framework",
				"$(BUILT_PRODUCTS_DIR)/$(FRAMEWORKS_FOLDER_PATH)/Kanna.framework",
			);
			runOnlyForDeploymentPostprocessing = 0;
			shellPath = /bin/sh;
			shellScript = "/usr/local/bin/carthage copy-frameworks\n";
		};
/* End PBXShellScriptBuildPhase section */

/* Begin PBXSourcesBuildPhase section */
		E6397ECC25763C9E00248B8D /* Sources */ = {
			isa = PBXSourcesBuildPhase;
			buildActionMask = 2147483647;
			files = (
				E6397FFE25787DD000248B8D /* Article.swift in Sources */,
				E639803A2579193700248B8D /* Alamofire+Ex.swift in Sources */,
				E6397FE02577850100248B8D /* HomeInterfaces.swift in Sources */,
				E6397ED825763C9E00248B8D /* HomeViewController.swift in Sources */,
				E6397F9B2577648000248B8D /* UIViewController+Ex.swift in Sources */,
				E6397ED425763C9E00248B8D /* AppDelegate.swift in Sources */,
				E6397F8E25775FA000248B8D /* BaseRouter.swift in Sources */,
				E6397F84257757C400248B8D /* AppNavigationController.swift in Sources */,
				E6397ED625763C9E00248B8D /* SceneDelegate.swift in Sources */,
				E6397FA02577649900248B8D /* UINavigationController+Ex.swift in Sources */,
				E639800F2578B3C600248B8D /* ArticleTableViewCell.swift in Sources */,
				E63980262578CCE400248B8D /* ArticleRepository.swift in Sources */,
				E639804A257A010D00248B8D /* Date+Ex.swift in Sources */,
				E6397F44257747A400248B8D /* HomeViewStream.swift in Sources */,
				E6397F4A257747C900248B8D /* HomeRouter.swift in Sources */,
				E6397F952577627700248B8D /* UIStoryboard+Ex.swift in Sources */,
				E63980462579F9D600248B8D /* DateFormatter+Ex.swift in Sources */,
				E6397FDC257784E500248B8D /* ViewInterface.swift in Sources */,
			);
			runOnlyForDeploymentPostprocessing = 0;
		};
		E6397EE225763C9F00248B8D /* Sources */ = {
			isa = PBXSourcesBuildPhase;
			buildActionMask = 2147483647;
			files = (
				E6397EEB25763C9F00248B8D /* ViSERTests.swift in Sources */,
			);
			runOnlyForDeploymentPostprocessing = 0;
		};
		E6397EED25763C9F00248B8D /* Sources */ = {
			isa = PBXSourcesBuildPhase;
			buildActionMask = 2147483647;
			files = (
				E6397EF625763C9F00248B8D /* ViSERUITests.swift in Sources */,
			);
			runOnlyForDeploymentPostprocessing = 0;
		};
/* End PBXSourcesBuildPhase section */

/* Begin PBXTargetDependency section */
		E6397EE825763C9F00248B8D /* PBXTargetDependency */ = {
			isa = PBXTargetDependency;
			target = E6397ECF25763C9E00248B8D /* ViSER-Example */;
			targetProxy = E6397EE725763C9F00248B8D /* PBXContainerItemProxy */;
		};
		E6397EF325763C9F00248B8D /* PBXTargetDependency */ = {
			isa = PBXTargetDependency;
			target = E6397ECF25763C9E00248B8D /* ViSER-Example */;
			targetProxy = E6397EF225763C9F00248B8D /* PBXContainerItemProxy */;
		};
/* End PBXTargetDependency section */

/* Begin PBXVariantGroup section */
		E6397EDE25763C9F00248B8D /* LaunchScreen.storyboard */ = {
			isa = PBXVariantGroup;
			children = (
				E6397EDF25763C9F00248B8D /* Base */,
			);
			name = LaunchScreen.storyboard;
			sourceTree = "<group>";
		};
/* End PBXVariantGroup section */

/* Begin XCBuildConfiguration section */
		E6397EF825763C9F00248B8D /* Debug */ = {
			isa = XCBuildConfiguration;
			buildSettings = {
				ALWAYS_SEARCH_USER_PATHS = NO;
				CLANG_ANALYZER_NONNULL = YES;
				CLANG_ANALYZER_NUMBER_OBJECT_CONVERSION = YES_AGGRESSIVE;
				CLANG_CXX_LANGUAGE_STANDARD = "gnu++14";
				CLANG_CXX_LIBRARY = "libc++";
				CLANG_ENABLE_MODULES = YES;
				CLANG_ENABLE_OBJC_ARC = YES;
				CLANG_ENABLE_OBJC_WEAK = YES;
				CLANG_WARN_BLOCK_CAPTURE_AUTORELEASING = YES;
				CLANG_WARN_BOOL_CONVERSION = YES;
				CLANG_WARN_COMMA = YES;
				CLANG_WARN_CONSTANT_CONVERSION = YES;
				CLANG_WARN_DEPRECATED_OBJC_IMPLEMENTATIONS = YES;
				CLANG_WARN_DIRECT_OBJC_ISA_USAGE = YES_ERROR;
				CLANG_WARN_DOCUMENTATION_COMMENTS = YES;
				CLANG_WARN_EMPTY_BODY = YES;
				CLANG_WARN_ENUM_CONVERSION = YES;
				CLANG_WARN_INFINITE_RECURSION = YES;
				CLANG_WARN_INT_CONVERSION = YES;
				CLANG_WARN_NON_LITERAL_NULL_CONVERSION = YES;
				CLANG_WARN_OBJC_IMPLICIT_RETAIN_SELF = YES;
				CLANG_WARN_OBJC_LITERAL_CONVERSION = YES;
				CLANG_WARN_OBJC_ROOT_CLASS = YES_ERROR;
				CLANG_WARN_QUOTED_INCLUDE_IN_FRAMEWORK_HEADER = YES;
				CLANG_WARN_RANGE_LOOP_ANALYSIS = YES;
				CLANG_WARN_STRICT_PROTOTYPES = YES;
				CLANG_WARN_SUSPICIOUS_MOVE = YES;
				CLANG_WARN_UNGUARDED_AVAILABILITY = YES_AGGRESSIVE;
				CLANG_WARN_UNREACHABLE_CODE = YES;
				CLANG_WARN__DUPLICATE_METHOD_MATCH = YES;
				COPY_PHASE_STRIP = NO;
				DEBUG_INFORMATION_FORMAT = dwarf;
				ENABLE_STRICT_OBJC_MSGSEND = YES;
				ENABLE_TESTABILITY = YES;
				GCC_C_LANGUAGE_STANDARD = gnu11;
				GCC_DYNAMIC_NO_PIC = NO;
				GCC_NO_COMMON_BLOCKS = YES;
				GCC_OPTIMIZATION_LEVEL = 0;
				GCC_PREPROCESSOR_DEFINITIONS = (
					"DEBUG=1",
					"$(inherited)",
				);
				GCC_WARN_64_TO_32_BIT_CONVERSION = YES;
				GCC_WARN_ABOUT_RETURN_TYPE = YES_ERROR;
				GCC_WARN_UNDECLARED_SELECTOR = YES;
				GCC_WARN_UNINITIALIZED_AUTOS = YES_AGGRESSIVE;
				GCC_WARN_UNUSED_FUNCTION = YES;
				GCC_WARN_UNUSED_VARIABLE = YES;
				IPHONEOS_DEPLOYMENT_TARGET = 14.2;
				MTL_ENABLE_DEBUG_INFO = INCLUDE_SOURCE;
				MTL_FAST_MATH = YES;
				ONLY_ACTIVE_ARCH = YES;
				SDKROOT = iphoneos;
				SWIFT_ACTIVE_COMPILATION_CONDITIONS = DEBUG;
				SWIFT_OPTIMIZATION_LEVEL = "-Onone";
			};
			name = Debug;
		};
		E6397EF925763C9F00248B8D /* Release */ = {
			isa = XCBuildConfiguration;
			buildSettings = {
				ALWAYS_SEARCH_USER_PATHS = NO;
				CLANG_ANALYZER_NONNULL = YES;
				CLANG_ANALYZER_NUMBER_OBJECT_CONVERSION = YES_AGGRESSIVE;
				CLANG_CXX_LANGUAGE_STANDARD = "gnu++14";
				CLANG_CXX_LIBRARY = "libc++";
				CLANG_ENABLE_MODULES = YES;
				CLANG_ENABLE_OBJC_ARC = YES;
				CLANG_ENABLE_OBJC_WEAK = YES;
				CLANG_WARN_BLOCK_CAPTURE_AUTORELEASING = YES;
				CLANG_WARN_BOOL_CONVERSION = YES;
				CLANG_WARN_COMMA = YES;
				CLANG_WARN_CONSTANT_CONVERSION = YES;
				CLANG_WARN_DEPRECATED_OBJC_IMPLEMENTATIONS = YES;
				CLANG_WARN_DIRECT_OBJC_ISA_USAGE = YES_ERROR;
				CLANG_WARN_DOCUMENTATION_COMMENTS = YES;
				CLANG_WARN_EMPTY_BODY = YES;
				CLANG_WARN_ENUM_CONVERSION = YES;
				CLANG_WARN_INFINITE_RECURSION = YES;
				CLANG_WARN_INT_CONVERSION = YES;
				CLANG_WARN_NON_LITERAL_NULL_CONVERSION = YES;
				CLANG_WARN_OBJC_IMPLICIT_RETAIN_SELF = YES;
				CLANG_WARN_OBJC_LITERAL_CONVERSION = YES;
				CLANG_WARN_OBJC_ROOT_CLASS = YES_ERROR;
				CLANG_WARN_QUOTED_INCLUDE_IN_FRAMEWORK_HEADER = YES;
				CLANG_WARN_RANGE_LOOP_ANALYSIS = YES;
				CLANG_WARN_STRICT_PROTOTYPES = YES;
				CLANG_WARN_SUSPICIOUS_MOVE = YES;
				CLANG_WARN_UNGUARDED_AVAILABILITY = YES_AGGRESSIVE;
				CLANG_WARN_UNREACHABLE_CODE = YES;
				CLANG_WARN__DUPLICATE_METHOD_MATCH = YES;
				COPY_PHASE_STRIP = NO;
				DEBUG_INFORMATION_FORMAT = "dwarf-with-dsym";
				ENABLE_NS_ASSERTIONS = NO;
				ENABLE_STRICT_OBJC_MSGSEND = YES;
				GCC_C_LANGUAGE_STANDARD = gnu11;
				GCC_NO_COMMON_BLOCKS = YES;
				GCC_WARN_64_TO_32_BIT_CONVERSION = YES;
				GCC_WARN_ABOUT_RETURN_TYPE = YES_ERROR;
				GCC_WARN_UNDECLARED_SELECTOR = YES;
				GCC_WARN_UNINITIALIZED_AUTOS = YES_AGGRESSIVE;
				GCC_WARN_UNUSED_FUNCTION = YES;
				GCC_WARN_UNUSED_VARIABLE = YES;
				IPHONEOS_DEPLOYMENT_TARGET = 14.2;
				MTL_ENABLE_DEBUG_INFO = NO;
				MTL_FAST_MATH = YES;
				SDKROOT = iphoneos;
				SWIFT_COMPILATION_MODE = wholemodule;
				SWIFT_OPTIMIZATION_LEVEL = "-O";
				VALIDATE_PRODUCT = YES;
			};
			name = Release;
		};
		E6397EFB25763C9F00248B8D /* Debug */ = {
			isa = XCBuildConfiguration;
			buildSettings = {
				ASSETCATALOG_COMPILER_APPICON_NAME = AppIcon;
				ASSETCATALOG_COMPILER_GLOBAL_ACCENT_COLOR_NAME = AccentColor;
				CODE_SIGN_STYLE = Automatic;
				FRAMEWORK_SEARCH_PATHS = (
					"$(inherited)",
					"$(PROJECT_DIR)/Carthage/Build/iOS",
				);
				INFOPLIST_FILE = "$(SRCROOT)/ViSER-Example/SupportingFiles/Info.plist";
				LD_RUNPATH_SEARCH_PATHS = (
					"$(inherited)",
					"@executable_path/Frameworks",
				);
				PRODUCT_BUNDLE_IDENTIFIER = karibash.ViSER;
				PRODUCT_NAME = "$(TARGET_NAME)";
				SWIFT_VERSION = 5.0;
				TARGETED_DEVICE_FAMILY = 1;
			};
			name = Debug;
		};
		E6397EFC25763C9F00248B8D /* Release */ = {
			isa = XCBuildConfiguration;
			buildSettings = {
				ASSETCATALOG_COMPILER_APPICON_NAME = AppIcon;
				ASSETCATALOG_COMPILER_GLOBAL_ACCENT_COLOR_NAME = AccentColor;
				CODE_SIGN_STYLE = Automatic;
				FRAMEWORK_SEARCH_PATHS = (
					"$(inherited)",
					"$(PROJECT_DIR)/Carthage/Build/iOS",
				);
				INFOPLIST_FILE = "$(SRCROOT)/ViSER-Example/SupportingFiles/Info.plist";
				LD_RUNPATH_SEARCH_PATHS = (
					"$(inherited)",
					"@executable_path/Frameworks",
				);
				PRODUCT_BUNDLE_IDENTIFIER = karibash.ViSER;
				PRODUCT_NAME = "$(TARGET_NAME)";
				SWIFT_VERSION = 5.0;
				TARGETED_DEVICE_FAMILY = 1;
			};
			name = Release;
		};
		E6397EFE25763C9F00248B8D /* Debug */ = {
			isa = XCBuildConfiguration;
			buildSettings = {
				ALWAYS_EMBED_SWIFT_STANDARD_LIBRARIES = YES;
				BUNDLE_LOADER = "$(TEST_HOST)";
				CODE_SIGN_STYLE = Automatic;
				INFOPLIST_FILE = ViSERTests/Info.plist;
				IPHONEOS_DEPLOYMENT_TARGET = 14.2;
				LD_RUNPATH_SEARCH_PATHS = (
					"$(inherited)",
					"@executable_path/Frameworks",
					"@loader_path/Frameworks",
				);
				PRODUCT_BUNDLE_IDENTIFIER = karibash.ViSERTests;
				PRODUCT_NAME = "$(TARGET_NAME)";
				SWIFT_VERSION = 5.0;
				TARGETED_DEVICE_FAMILY = "1,2";
				TEST_HOST = "$(BUILT_PRODUCTS_DIR)/ViSER-Example.app/ViSER-Example";
			};
			name = Debug;
		};
		E6397EFF25763C9F00248B8D /* Release */ = {
			isa = XCBuildConfiguration;
			buildSettings = {
				ALWAYS_EMBED_SWIFT_STANDARD_LIBRARIES = YES;
				BUNDLE_LOADER = "$(TEST_HOST)";
				CODE_SIGN_STYLE = Automatic;
				INFOPLIST_FILE = ViSERTests/Info.plist;
				IPHONEOS_DEPLOYMENT_TARGET = 14.2;
				LD_RUNPATH_SEARCH_PATHS = (
					"$(inherited)",
					"@executable_path/Frameworks",
					"@loader_path/Frameworks",
				);
				PRODUCT_BUNDLE_IDENTIFIER = karibash.ViSERTests;
				PRODUCT_NAME = "$(TARGET_NAME)";
				SWIFT_VERSION = 5.0;
				TARGETED_DEVICE_FAMILY = "1,2";
				TEST_HOST = "$(BUILT_PRODUCTS_DIR)/ViSER-Example.app/ViSER-Example";
			};
			name = Release;
		};
		E6397F0125763C9F00248B8D /* Debug */ = {
			isa = XCBuildConfiguration;
			buildSettings = {
				ALWAYS_EMBED_SWIFT_STANDARD_LIBRARIES = YES;
				CODE_SIGN_STYLE = Automatic;
				INFOPLIST_FILE = ViSERUITests/Info.plist;
				LD_RUNPATH_SEARCH_PATHS = (
					"$(inherited)",
					"@executable_path/Frameworks",
					"@loader_path/Frameworks",
				);
				PRODUCT_BUNDLE_IDENTIFIER = karibash.ViSERUITests;
				PRODUCT_NAME = "$(TARGET_NAME)";
				SWIFT_VERSION = 5.0;
				TARGETED_DEVICE_FAMILY = "1,2";
				TEST_TARGET_NAME = ViSER;
			};
			name = Debug;
		};
		E6397F0225763C9F00248B8D /* Release */ = {
			isa = XCBuildConfiguration;
			buildSettings = {
				ALWAYS_EMBED_SWIFT_STANDARD_LIBRARIES = YES;
				CODE_SIGN_STYLE = Automatic;
				INFOPLIST_FILE = ViSERUITests/Info.plist;
				LD_RUNPATH_SEARCH_PATHS = (
					"$(inherited)",
					"@executable_path/Frameworks",
					"@loader_path/Frameworks",
				);
				PRODUCT_BUNDLE_IDENTIFIER = karibash.ViSERUITests;
				PRODUCT_NAME = "$(TARGET_NAME)";
				SWIFT_VERSION = 5.0;
				TARGETED_DEVICE_FAMILY = "1,2";
				TEST_TARGET_NAME = ViSER;
			};
			name = Release;
		};
/* End XCBuildConfiguration section */

/* Begin XCConfigurationList section */
		E6397ECB25763C9E00248B8D /* Build configuration list for PBXProject "ViSER-Example" */ = {
			isa = XCConfigurationList;
			buildConfigurations = (
				E6397EF825763C9F00248B8D /* Debug */,
				E6397EF925763C9F00248B8D /* Release */,
			);
			defaultConfigurationIsVisible = 0;
			defaultConfigurationName = Release;
		};
		E6397EFA25763C9F00248B8D /* Build configuration list for PBXNativeTarget "ViSER-Example" */ = {
			isa = XCConfigurationList;
			buildConfigurations = (
				E6397EFB25763C9F00248B8D /* Debug */,
				E6397EFC25763C9F00248B8D /* Release */,
			);
			defaultConfigurationIsVisible = 0;
			defaultConfigurationName = Release;
		};
		E6397EFD25763C9F00248B8D /* Build configuration list for PBXNativeTarget "ViSER-Example-Tests" */ = {
			isa = XCConfigurationList;
			buildConfigurations = (
				E6397EFE25763C9F00248B8D /* Debug */,
				E6397EFF25763C9F00248B8D /* Release */,
			);
			defaultConfigurationIsVisible = 0;
			defaultConfigurationName = Release;
		};
		E6397F0025763C9F00248B8D /* Build configuration list for PBXNativeTarget "ViSER-Example-UITests" */ = {
			isa = XCConfigurationList;
			buildConfigurations = (
				E6397F0125763C9F00248B8D /* Debug */,
				E6397F0225763C9F00248B8D /* Release */,
			);
			defaultConfigurationIsVisible = 0;
			defaultConfigurationName = Release;
		};
/* End XCConfigurationList section */
	};
	rootObject = E6397EC825763C9E00248B8D /* Project object */;
}
